
Microsoft Visual Studio Solution File, Format Version 12.00
# Visual Studio Version 17
VisualStudioVersion = 17.0.31903.59
MinimumVisualStudioVersion = 10.0.40219.1
Project("{2150E333-8FDC-42A3-9474-1A3956D46DE8}") = "Solution Items", "Solution Items", "{05EA1AA9-C956-4F85-A41B-6751E3EDB946}"
	ProjectSection(SolutionItems) = preProject
		.editorconfig = .editorconfig
		tests\.editorconfig = tests\.editorconfig
		Directory.Build.props = Directory.Build.props
		src\Directory.Build.props = src\Directory.Build.props
		Directory.Packages.props = Directory.Packages.props
		tests\Directory.Build.props = tests\Directory.Build.props
	EndProjectSection
EndProject
Project("{2150E333-8FDC-42A3-9474-1A3956D46DE8}") = "src", "src", "{631D994B-3208-4C84-973B-19D81AC409EA}"
EndProject
Project("{FAE04EC0-301F-11D3-BF4B-00C04F79EFBC}") = "Core", "src\Core\Core.csproj", "{8CC41A7C-BAD1-43D9-9DB0-E53F819CED80}"
EndProject
Project("{FAE04EC0-301F-11D3-BF4B-00C04F79EFBC}") = "Queries", "src\Queries\Queries.csproj", "{AFB855DA-A62C-4CFB-B010-AE61A5096D04}"
EndProject
Project("{2150E333-8FDC-42A3-9474-1A3956D46DE8}") = "Implementation", "Implementation", "{C0DBD81D-7027-4BF2-B9A7-BDA4973C29AB}"
EndProject
Project("{FAE04EC0-301F-11D3-BF4B-00C04F79EFBC}") = "General", "src\Implementation\General\General.csproj", "{A5879897-D56B-43F7-BE8B-A98728BD7E7F}"
EndProject
Project("{2150E333-8FDC-42A3-9474-1A3956D46DE8}") = "tests", "tests", "{E505F181-74CA-4F8B-919E-2B36A4427478}"
EndProject
Project("{2150E333-8FDC-42A3-9474-1A3956D46DE8}") = "unit", "unit", "{6045865C-8178-4A6D-880C-471E52D9CFC3}"
EndProject
Project("{2150E333-8FDC-42A3-9474-1A3956D46DE8}") = "Implementation", "Implementation", "{A7D26845-4DCC-4972-8B96-934518202927}"
EndProject
Project("{2150E333-8FDC-42A3-9474-1A3956D46DE8}") = "General", "General", "{B2651CB2-E64F-4B13-A4A2-4B84FB48B078}"
EndProject
Project("{FAE04EC0-301F-11D3-BF4B-00C04F79EFBC}") = "UT_GetNamedParameterRepresentationByNameQueryHandler", "tests\unit\Implementation\General\GetNamedParameterRepresentationByNameQueryHandler\UT_GetNamedParameterRepresentationByNameQueryHandler.csproj", "{DFAA2233-C9E9-4ACF-A401-82C6CF55AB68}"
EndProject
Project("{FAE04EC0-301F-11D3-BF4B-00C04F79EFBC}") = "UT_GetNamedParameterRepresentationQueryHandler", "tests\unit\Implementation\General\GetNamedParameterRepresentationQueryHandler\UT_GetNamedParameterRepresentationQueryHandler.csproj", "{E455DD09-0AF2-401B-A430-CD03D7CC2F68}"
EndProject
Global
	GlobalSection(SolutionConfigurationPlatforms) = preSolution
		Debug|Any CPU = Debug|Any CPU
		Release|Any CPU = Release|Any CPU
	EndGlobalSection
	GlobalSection(ProjectConfigurationPlatforms) = postSolution
		{8CC41A7C-BAD1-43D9-9DB0-E53F819CED80}.Debug|Any CPU.ActiveCfg = Debug|Any CPU
		{8CC41A7C-BAD1-43D9-9DB0-E53F819CED80}.Debug|Any CPU.Build.0 = Debug|Any CPU
		{8CC41A7C-BAD1-43D9-9DB0-E53F819CED80}.Release|Any CPU.ActiveCfg = Release|Any CPU
		{8CC41A7C-BAD1-43D9-9DB0-E53F819CED80}.Release|Any CPU.Build.0 = Release|Any CPU
		{AFB855DA-A62C-4CFB-B010-AE61A5096D04}.Debug|Any CPU.ActiveCfg = Debug|Any CPU
		{AFB855DA-A62C-4CFB-B010-AE61A5096D04}.Debug|Any CPU.Build.0 = Debug|Any CPU
		{AFB855DA-A62C-4CFB-B010-AE61A5096D04}.Release|Any CPU.ActiveCfg = Release|Any CPU
		{AFB855DA-A62C-4CFB-B010-AE61A5096D04}.Release|Any CPU.Build.0 = Release|Any CPU
		{A5879897-D56B-43F7-BE8B-A98728BD7E7F}.Debug|Any CPU.ActiveCfg = Debug|Any CPU
		{A5879897-D56B-43F7-BE8B-A98728BD7E7F}.Debug|Any CPU.Build.0 = Debug|Any CPU
		{A5879897-D56B-43F7-BE8B-A98728BD7E7F}.Release|Any CPU.ActiveCfg = Release|Any CPU
		{A5879897-D56B-43F7-BE8B-A98728BD7E7F}.Release|Any CPU.Build.0 = Release|Any CPU
		{DFAA2233-C9E9-4ACF-A401-82C6CF55AB68}.Debug|Any CPU.ActiveCfg = Debug|Any CPU
		{DFAA2233-C9E9-4ACF-A401-82C6CF55AB68}.Debug|Any CPU.Build.0 = Debug|Any CPU
		{DFAA2233-C9E9-4ACF-A401-82C6CF55AB68}.Release|Any CPU.ActiveCfg = Release|Any CPU
		{DFAA2233-C9E9-4ACF-A401-82C6CF55AB68}.Release|Any CPU.Build.0 = Release|Any CPU
		{E455DD09-0AF2-401B-A430-CD03D7CC2F68}.Debug|Any CPU.ActiveCfg = Debug|Any CPU
		{E455DD09-0AF2-401B-A430-CD03D7CC2F68}.Debug|Any CPU.Build.0 = Debug|Any CPU
		{E455DD09-0AF2-401B-A430-CD03D7CC2F68}.Release|Any CPU.ActiveCfg = Release|Any CPU
		{E455DD09-0AF2-401B-A430-CD03D7CC2F68}.Release|Any CPU.Build.0 = Release|Any CPU
	EndGlobalSection
	GlobalSection(SolutionProperties) = preSolution
		HideSolutionNode = FALSE
	EndGlobalSection
	GlobalSection(NestedProjects) = preSolution
		{8CC41A7C-BAD1-43D9-9DB0-E53F819CED80} = {631D994B-3208-4C84-973B-19D81AC409EA}
		{AFB855DA-A62C-4CFB-B010-AE61A5096D04} = {631D994B-3208-4C84-973B-19D81AC409EA}
		{C0DBD81D-7027-4BF2-B9A7-BDA4973C29AB} = {631D994B-3208-4C84-973B-19D81AC409EA}
		{A5879897-D56B-43F7-BE8B-A98728BD7E7F} = {C0DBD81D-7027-4BF2-B9A7-BDA4973C29AB}
		{6045865C-8178-4A6D-880C-471E52D9CFC3} = {E505F181-74CA-4F8B-919E-2B36A4427478}
		{A7D26845-4DCC-4972-8B96-934518202927} = {6045865C-8178-4A6D-880C-471E52D9CFC3}
		{B2651CB2-E64F-4B13-A4A2-4B84FB48B078} = {A7D26845-4DCC-4972-8B96-934518202927}
		{DFAA2233-C9E9-4ACF-A401-82C6CF55AB68} = {B2651CB2-E64F-4B13-A4A2-4B84FB48B078}
		{E455DD09-0AF2-401B-A430-CD03D7CC2F68} = {B2651CB2-E64F-4B13-A4A2-4B84FB48B078}
	EndGlobalSection
	GlobalSection(ExtensibilityGlobals) = postSolution
		SolutionGuid = {76B9BF63-8FC2-4A27-881C-85AA7892A51E}
	EndGlobalSection
EndGlobal
